// !$*UTF8*$!
{
	archiveVersion = 1;
	classes = {
	};
	objectVersion = 56;
	objects = {

/* Begin PBXBuildFile section */
		2A1671102989CBE7009633C1 /* CoreDataSingersApp.swift in Sources */ = {isa = PBXBuildFile; fileRef = 2A16710F2989CBE7009633C1 /* CoreDataSingersApp.swift */; };
		2A1671122989CBE7009633C1 /* ContentView.swift in Sources */ = {isa = PBXBuildFile; fileRef = 2A1671112989CBE7009633C1 /* ContentView.swift */; };
		2A1671142989CBE8009633C1 /* Assets.xcassets in Resources */ = {isa = PBXBuildFile; fileRef = 2A1671132989CBE8009633C1 /* Assets.xcassets */; };
		2A1671172989CBE8009633C1 /* Preview Assets.xcassets in Resources */ = {isa = PBXBuildFile; fileRef = 2A1671162989CBE8009633C1 /* Preview Assets.xcassets */; };
		2A2E14152989D70600DA1301 /* Singers.xcdatamodeld in Sources */ = {isa = PBXBuildFile; fileRef = 2A2E14132989D70600DA1301 /* Singers.xcdatamodeld */; };
		2A2E14182989D71A00DA1301 /* DataController.swift in Sources */ = {isa = PBXBuildFile; fileRef = 2A2E14172989D71A00DA1301 /* DataController.swift */; };
		2A2E141F2989D9BF00DA1301 /* Singer+CoreDataClass.swift in Sources */ = {isa = PBXBuildFile; fileRef = 2A2E141D2989D9BF00DA1301 /* Singer+CoreDataClass.swift */; };
		2A2E14202989D9BF00DA1301 /* Singer+CoreDataProperties.swift in Sources */ = {isa = PBXBuildFile; fileRef = 2A2E141E2989D9BF00DA1301 /* Singer+CoreDataProperties.swift */; };
		2A2E14222989DAE200DA1301 /* FilteredList.swift in Sources */ = {isa = PBXBuildFile; fileRef = 2A2E14212989DAE200DA1301 /* FilteredList.swift */; };
/* End PBXBuildFile section */

/* Begin PBXFileReference section */
		2A16710C2989CBE7009633C1 /* CoreDataSingers.app */ = {isa = PBXFileReference; explicitFileType = wrapper.application; includeInIndex = 0; path = CoreDataSingers.app; sourceTree = BUILT_PRODUCTS_DIR; };
		2A16710F2989CBE7009633C1 /* CoreDataSingersApp.swift */ = {isa = PBXFileReference; lastKnownFileType = sourcecode.swift; path = CoreDataSingersApp.swift; sourceTree = "<group>"; };
		2A1671112989CBE7009633C1 /* ContentView.swift */ = {isa = PBXFileReference; lastKnownFileType = sourcecode.swift; path = ContentView.swift; sourceTree = "<group>"; };
		2A1671132989CBE8009633C1 /* Assets.xcassets */ = {isa = PBXFileReference; lastKnownFileType = folder.assetcatalog; path = Assets.xcassets; sourceTree = "<group>"; };
		2A1671162989CBE8009633C1 /* Preview Assets.xcassets */ = {isa = PBXFileReference; lastKnownFileType = folder.assetcatalog; path = "Preview Assets.xcassets"; sourceTree = "<group>"; };
		2A2E14142989D70600DA1301 /* Singers.xcdatamodel */ = {isa = PBXFileReference; lastKnownFileType = wrapper.xcdatamodel; path = Singers.xcdatamodel; sourceTree = "<group>"; };
		2A2E14172989D71A00DA1301 /* DataController.swift */ = {isa = PBXFileReference; lastKnownFileType = sourcecode.swift; path = DataController.swift; sourceTree = "<group>"; };
		2A2E141D2989D9BF00DA1301 /* Singer+CoreDataClass.swift */ = {isa = PBXFileReference; lastKnownFileType = sourcecode.swift; path = "Singer+CoreDataClass.swift"; sourceTree = "<group>"; };
		2A2E141E2989D9BF00DA1301 /* Singer+CoreDataProperties.swift */ = {isa = PBXFileReference; lastKnownFileType = sourcecode.swift; path = "Singer+CoreDataProperties.swift"; sourceTree = "<group>"; };
		2A2E14212989DAE200DA1301 /* FilteredList.swift */ = {isa = PBXFileReference; lastKnownFileType = sourcecode.swift; path = FilteredList.swift; sourceTree = "<group>"; };
/* End PBXFileReference section */

/* Begin PBXFrameworksBuildPhase section */
		2A1671092989CBE7009633C1 /* Frameworks */ = {
			isa = PBXFrameworksBuildPhase;
			buildActionMask = 2147483647;
			files = (
			);
			runOnlyForDeploymentPostprocessing = 0;
		};
/* End PBXFrameworksBuildPhase section */

/* Begin PBXGroup section */
		2A1671032989CBE7009633C1 = {
			isa = PBXGroup;
			children = (
				2A16710E2989CBE7009633C1 /* CoreDataSingers */,
				2A16710D2989CBE7009633C1 /* Products */,
			);
			sourceTree = "<group>";
		};
		2A16710D2989CBE7009633C1 /* Products */ = {
			isa = PBXGroup;
			children = (
				2A16710C2989CBE7009633C1 /* CoreDataSingers.app */,
			);
			name = Products;
			sourceTree = "<group>";
		};
		2A16710E2989CBE7009633C1 /* CoreDataSingers */ = {
			isa = PBXGroup;
			children = (
				2A2E141D2989D9BF00DA1301 /* Singer+CoreDataClass.swift */,
				2A2E141E2989D9BF00DA1301 /* Singer+CoreDataProperties.swift */,
				2A16710F2989CBE7009633C1 /* CoreDataSingersApp.swift */,
				2A1671112989CBE7009633C1 /* ContentView.swift */,
				2A2E14212989DAE200DA1301 /* FilteredList.swift */,
				2A2E14122989D6F000DA1301 /* DataModel */,
				2A1671132989CBE8009633C1 /* Assets.xcassets */,
				2A1671152989CBE8009633C1 /* Preview Content */,
			);
			path = CoreDataSingers;
			sourceTree = "<group>";
		};
		2A1671152989CBE8009633C1 /* Preview Content */ = {
			isa = PBXGroup;
			children = (
				2A1671162989CBE8009633C1 /* Preview Assets.xcassets */,
			);
			path = "Preview Content";
			sourceTree = "<group>";
		};
		2A2E14122989D6F000DA1301 /* DataModel */ = {
			isa = PBXGroup;
			children = (
				2A2E14132989D70600DA1301 /* Singers.xcdatamodeld */,
				2A2E14172989D71A00DA1301 /* DataController.swift */,
			);
			path = DataModel;
			sourceTree = "<group>";
		};
/* End PBXGroup section */

/* Begin PBXNativeTarget section */
		2A16710B2989CBE7009633C1 /* CoreDataSingers */ = {
			isa = PBXNativeTarget;
			buildConfigurationList = 2A16711A2989CBE8009633C1 /* Build configuration list for PBXNativeTarget "CoreDataSingers" */;
			buildPhases = (
				2A1671082989CBE7009633C1 /* Sources */,
				2A1671092989CBE7009633C1 /* Frameworks */,
				2A16710A2989CBE7009633C1 /* Resources */,
			);
			buildRules = (
			);
			dependencies = (
			);
			name = CoreDataSingers;
			productName = CoreDataSingers;
			productReference = 2A16710C2989CBE7009633C1 /* CoreDataSingers.app */;
			productType = "com.apple.product-type.application";
		};
/* End PBXNativeTarget section */

/* Begin PBXProject section */
		2A1671042989CBE7009633C1 /* Project object */ = {
			isa = PBXProject;
			attributes = {
				BuildIndependentTargetsInParallel = 1;
				LastSwiftUpdateCheck = 1410;
				LastUpgradeCheck = 1410;
				TargetAttributes = {
					2A16710B2989CBE7009633C1 = {
						CreatedOnToolsVersion = 14.1;
					};
				};
			};
			buildConfigurationList = 2A1671072989CBE7009633C1 /* Build configuration list for PBXProject "CoreDataSingers" */;
			compatibilityVersion = "Xcode 14.0";
			developmentRegion = en;
			hasScannedForEncodings = 0;
			knownRegions = (
				en,
				Base,
			);
			mainGroup = 2A1671032989CBE7009633C1;
			productRefGroup = 2A16710D2989CBE7009633C1 /* Products */;
			projectDirPath = "";
			projectRoot = "";
			targets = (
				2A16710B2989CBE7009633C1 /* CoreDataSingers */,
			);
		};
/* End PBXProject section */

/* Begin PBXResourcesBuildPhase section */
		2A16710A2989CBE7009633C1 /* Resources */ = {
			isa = PBXResourcesBuildPhase;
			buildActionMask = 2147483647;
			files = (
				2A1671172989CBE8009633C1 /* Preview Assets.xcassets in Resources */,
				2A1671142989CBE8009633C1 /* Assets.xcassets in Resources */,
			);
			runOnlyForDeploymentPostprocessing = 0;
		};
/* End PBXResourcesBuildPhase section */

/* Begin PBXSourcesBuildPhase section */
		2A1671082989CBE7009633C1 /* Sources */ = {
			isa = PBXSourcesBuildPhase;
			buildActionMask = 2147483647;
			files = (
				2A2E141F2989D9BF00DA1301 /* Singer+CoreDataClass.swift in Sources */,
				2A1671122989CBE7009633C1 /* ContentView.swift in Sources */,
				2A2E14182989D71A00DA1301 /* DataController.swift in Sources */,
				2A1671102989CBE7009633C1 /* CoreDataSingersApp.swift in Sources */,
				2A2E14202989D9BF00DA1301 /* Singer+CoreDataProperties.swift in Sources */,
				2A2E14152989D70600DA1301 /* Singers.xcdatamodeld in Sources */,
				2A2E14222989DAE200DA1301 /* FilteredList.swift in Sources */,
			);
			runOnlyForDeploymentPostprocessing = 0;
		};
/* End PBXSourcesBuildPhase section */

/* Begin XCBuildConfiguration section */
		2A1671182989CBE8009633C1 /* Debug */ = {
			isa = XCBuildConfiguration;
			buildSettings = {
				ALWAYS_SEARCH_USER_PATHS = NO;
				CLANG_ANALYZER_NONNULL = YES;
				CLANG_ANALYZER_NUMBER_OBJECT_CONVERSION = YES_AGGRESSIVE;
				CLANG_CXX_LANGUAGE_STANDARD = "gnu++20";
				CLANG_ENABLE_MODULES = YES;
				CLANG_ENABLE_OBJC_ARC = YES;
				CLANG_ENABLE_OBJC_WEAK = YES;
				CLANG_WARN_BLOCK_CAPTURE_AUTORELEASING = YES;
				CLANG_WARN_BOOL_CONVERSION = YES;
				CLANG_WARN_COMMA = YES;
				CLANG_WARN_CONSTANT_CONVERSION = YES;
				CLANG_WARN_DEPRECATED_OBJC_IMPLEMENTATIONS = YES;
				CLANG_WARN_DIRECT_OBJC_ISA_USAGE = YES_ERROR;
				CLANG_WARN_DOCUMENTATION_COMMENTS = YES;
				CLANG_WARN_EMPTY_BODY = YES;
				CLANG_WARN_ENUM_CONVERSION = YES;
				CLANG_WARN_INFINITE_RECURSION = YES;
				CLANG_WARN_INT_CONVERSION = YES;
				CLANG_WARN_NON_LITERAL_NULL_CONVERSION = YES;
				CLANG_WARN_OBJC_IMPLICIT_RETAIN_SELF = YES;
				CLANG_WARN_OBJC_LITERAL_CONVERSION = YES;
				CLANG_WARN_OBJC_ROOT_CLASS = YES_ERROR;
				CLANG_WARN_QUOTED_INCLUDE_IN_FRAMEWORK_HEADER = YES;
				CLANG_WARN_RANGE_LOOP_ANALYSIS = YES;
				CLANG_WARN_STRICT_PROTOTYPES = YES;
				CLANG_WARN_SUSPICIOUS_MOVE = YES;
				CLANG_WARN_UNGUARDED_AVAILABILITY = YES_AGGRESSIVE;
				CLANG_WARN_UNREACHABLE_CODE = YES;
				CLANG_WARN__DUPLICATE_METHOD_MATCH = YES;
				COPY_PHASE_STRIP = NO;
				DEBUG_INFORMATION_FORMAT = dwarf;
				ENABLE_STRICT_OBJC_MSGSEND = YES;
				ENABLE_TESTABILITY = YES;
				GCC_C_LANGUAGE_STANDARD = gnu11;
				GCC_DYNAMIC_NO_PIC = NO;
				GCC_NO_COMMON_BLOCKS = YES;
				GCC_OPTIMIZATION_LEVEL = 0;
				GCC_PREPROCESSOR_DEFINITIONS = (
					"DEBUG=1",
					"$(inherited)",
				);
				GCC_WARN_64_TO_32_BIT_CONVERSION = YES;
				GCC_WARN_ABOUT_RETURN_TYPE = YES_ERROR;
				GCC_WARN_UNDECLARED_SELECTOR = YES;
				GCC_WARN_UNINITIALIZED_AUTOS = YES_AGGRESSIVE;
				GCC_WARN_UNUSED_FUNCTION = YES;
				GCC_WARN_UNUSED_VARIABLE = YES;
				IPHONEOS_DEPLOYMENT_TARGET = 16.1;
				MTL_ENABLE_DEBUG_INFO = INCLUDE_SOURCE;
				MTL_FAST_MATH = YES;
				ONLY_ACTIVE_ARCH = YES;
				SDKROOT = iphoneos;
				SWIFT_ACTIVE_COMPILATION_CONDITIONS = DEBUG;
				SWIFT_OPTIMIZATION_LEVEL = "-Onone";
			};
			name = Debug;
		};
		2A1671192989CBE8009633C1 /* Release */ = {
			isa = XCBuildConfiguration;
			buildSettings = {
				ALWAYS_SEARCH_USER_PATHS = NO;
				CLANG_ANALYZER_NONNULL = YES;
				CLANG_ANALYZER_NUMBER_OBJECT_CONVERSION = YES_AGGRESSIVE;
				CLANG_CXX_LANGUAGE_STANDARD = "gnu++20";
				CLANG_ENABLE_MODULES = YES;
				CLANG_ENABLE_OBJC_ARC = YES;
				CLANG_ENABLE_OBJC_WEAK = YES;
				CLANG_WARN_BLOCK_CAPTURE_AUTORELEASING = YES;
				CLANG_WARN_BOOL_CONVERSION = YES;
				CLANG_WARN_COMMA = YES;
				CLANG_WARN_CONSTANT_CONVERSION = YES;
				CLANG_WARN_DEPRECATED_OBJC_IMPLEMENTATIONS = YES;
				CLANG_WARN_DIRECT_OBJC_ISA_USAGE = YES_ERROR;
				CLANG_WARN_DOCUMENTATION_COMMENTS = YES;
				CLANG_WARN_EMPTY_BODY = YES;
				CLANG_WARN_ENUM_CONVERSION = YES;
				CLANG_WARN_INFINITE_RECURSION = YES;
				CLANG_WARN_INT_CONVERSION = YES;
				CLANG_WARN_NON_LITERAL_NULL_CONVERSION = YES;
				CLANG_WARN_OBJC_IMPLICIT_RETAIN_SELF = YES;
				CLANG_WARN_OBJC_LITERAL_CONVERSION = YES;
				CLANG_WARN_OBJC_ROOT_CLASS = YES_ERROR;
				CLANG_WARN_QUOTED_INCLUDE_IN_FRAMEWORK_HEADER = YES;
				CLANG_WARN_RANGE_LOOP_ANALYSIS = YES;
				CLANG_WARN_STRICT_PROTOTYPES = YES;
				CLANG_WARN_SUSPICIOUS_MOVE = YES;
				CLANG_WARN_UNGUARDED_AVAILABILITY = YES_AGGRESSIVE;
				CLANG_WARN_UNREACHABLE_CODE = YES;
				CLANG_WARN__DUPLICATE_METHOD_MATCH = YES;
				COPY_PHASE_STRIP = NO;
				DEBUG_INFORMATION_FORMAT = "dwarf-with-dsym";
				ENABLE_NS_ASSERTIONS = NO;
				ENABLE_STRICT_OBJC_MSGSEND = YES;
				GCC_C_LANGUAGE_STANDARD = gnu11;
				GCC_NO_COMMON_BLOCKS = YES;
				GCC_WARN_64_TO_32_BIT_CONVERSION = YES;
				GCC_WARN_ABOUT_RETURN_TYPE = YES_ERROR;
				GCC_WARN_UNDECLARED_SELECTOR = YES;
				GCC_WARN_UNINITIALIZED_AUTOS = YES_AGGRESSIVE;
				GCC_WARN_UNUSED_FUNCTION = YES;
				GCC_WARN_UNUSED_VARIABLE = YES;
				IPHONEOS_DEPLOYMENT_TARGET = 16.1;
				MTL_ENABLE_DEBUG_INFO = NO;
				MTL_FAST_MATH = YES;
				SDKROOT = iphoneos;
				SWIFT_COMPILATION_MODE = wholemodule;
				SWIFT_OPTIMIZATION_LEVEL = "-O";
				VALIDATE_PRODUCT = YES;
			};
			name = Release;
		};
		2A16711B2989CBE8009633C1 /* Debug */ = {
			isa = XCBuildConfiguration;
			buildSettings = {
				ASSETCATALOG_COMPILER_APPICON_NAME = AppIcon;
				ASSETCATALOG_COMPILER_GLOBAL_ACCENT_COLOR_NAME = AccentColor;
				CODE_SIGN_STYLE = Automatic;
				CURRENT_PROJECT_VERSION = 1;
				DEVELOPMENT_ASSET_PATHS = "\"CoreDataSingers/Preview Content\"";
				DEVELOPMENT_TEAM = 9FV2U5727B;
				ENABLE_PREVIEWS = YES;
				GENERATE_INFOPLIST_FILE = YES;
				INFOPLIST_KEY_UIApplicationSceneManifest_Generation = YES;
				INFOPLIST_KEY_UIApplicationSupportsIndirectInputEvents = YES;
				INFOPLIST_KEY_UILaunchScreen_Generation = YES;
				INFOPLIST_KEY_UISupportedInterfaceOrientations_iPad = "UIInterfaceOrientationPortrait UIInterfaceOrientationPortraitUpsideDown UIInterfaceOrientationLandscapeLeft UIInterfaceOrientationLandscapeRight";
				INFOPLIST_KEY_UISupportedInterfaceOrientations_iPhone = "UIInterfaceOrientationPortrait UIInterfaceOrientationLandscapeLeft UIInterfaceOrientationLandscapeRight";
				LD_RUNPATH_SEARCH_PATHS = (
					"$(inherited)",
					"@executable_path/Frameworks",
				);
				MARKETING_VERSION = 1.0;
				PRODUCT_BUNDLE_IDENTIFIER = app.netlify.enricogollner.CoreDataSingers;
				PRODUCT_NAME = "$(TARGET_NAME)";
				SWIFT_EMIT_LOC_STRINGS = YES;
				SWIFT_VERSION = 5.0;
				TARGETED_DEVICE_FAMILY = "1,2";
			};
			name = Debug;
		};
		2A16711C2989CBE8009633C1 /* Release */ = {
			isa = XCBuildConfiguration;
			buildSettings = {
				ASSETCATALOG_COMPILER_APPICON_NAME = AppIcon;
				ASSETCATALOG_COMPILER_GLOBAL_ACCENT_COLOR_NAME = AccentColor;
				CODE_SIGN_STYLE = Automatic;
				CURRENT_PROJECT_VERSION = 1;
				DEVELOPMENT_ASSET_PATHS = "\"CoreDataSingers/Preview Content\"";
				DEVELOPMENT_TEAM = 9FV2U5727B;
				ENABLE_PREVIEWS = YES;
				GENERATE_INFOPLIST_FILE = YES;
				INFOPLIST_KEY_UIApplicationSceneManifest_Generation = YES;
				INFOPLIST_KEY_UIApplicationSupportsIndirectInputEvents = YES;
				INFOPLIST_KEY_UILaunchScreen_Generation = YES;
				INFOPLIST_KEY_UISupportedInterfaceOrientations_iPad = "UIInterfaceOrientationPortrait UIInterfaceOrientationPortraitUpsideDown UIInterfaceOrientationLandscapeLeft UIInterfaceOrientationLandscapeRight";
				INFOPLIST_KEY_UISupportedInterfaceOrientations_iPhone = "UIInterfaceOrientationPortrait UIInterfaceOrientationLandscapeLeft UIInterfaceOrientationLandscapeRight";
				LD_RUNPATH_SEARCH_PATHS = (
					"$(inherited)",
					"@executable_path/Frameworks",
				);
				MARKETING_VERSION = 1.0;
				PRODUCT_BUNDLE_IDENTIFIER = app.netlify.enricogollner.CoreDataSingers;
				PRODUCT_NAME = "$(TARGET_NAME)";
				SWIFT_EMIT_LOC_STRINGS = YES;
				SWIFT_VERSION = 5.0;
				TARGETED_DEVICE_FAMILY = "1,2";
			};
			name = Release;
		};
/* End XCBuildConfiguration section */

/* Begin XCConfigurationList section */
		2A1671072989CBE7009633C1 /* Build configuration list for PBXProject "CoreDataSingers" */ = {
			isa = XCConfigurationList;
			buildConfigurations = (
				2A1671182989CBE8009633C1 /* Debug */,
				2A1671192989CBE8009633C1 /* Release */,
			);
			defaultConfigurationIsVisible = 0;
			defaultConfigurationName = Release;
		};
		2A16711A2989CBE8009633C1 /* Build configuration list for PBXNativeTarget "CoreDataSingers" */ = {
			isa = XCConfigurationList;
			buildConfigurations = (
				2A16711B2989CBE8009633C1 /* Debug */,
				2A16711C2989CBE8009633C1 /* Release */,
			);
			defaultConfigurationIsVisible = 0;
			defaultConfigurationName = Release;
		};
/* End XCConfigurationList section */

/* Begin XCVersionGroup section */
		2A2E14132989D70600DA1301 /* Singers.xcdatamodeld */ = {
			isa = XCVersionGroup;
			children = (
				2A2E14142989D70600DA1301 /* Singers.xcdatamodel */,
			);
			currentVersion = 2A2E14142989D70600DA1301 /* Singers.xcdatamodel */;
			path = Singers.xcdatamodeld;
			sourceTree = "<group>";
			versionGroupType = wrapper.xcdatamodel;
		};
/* End XCVersionGroup section */
	};
	rootObject = 2A1671042989CBE7009633C1 /* Project object */;
}
