// !$*UTF8*$!
{
	archiveVersion = 1;
	classes = {
	};
	objectVersion = 56;
	objects = {

/* Begin PBXBuildFile section */
		2A03ECD429A7046D00615C3A /* AddingUserLocationsToAMap.swift in Sources */ = {isa = PBXBuildFile; fileRef = 2A03ECD329A7046D00615C3A /* AddingUserLocationsToAMap.swift */; };
		2A03ECD629A70AB700615C3A /* Location.swift in Sources */ = {isa = PBXBuildFile; fileRef = 2A03ECD529A70AB700615C3A /* Location.swift */; };
		2A1D7F6629AB17CC002A0EDD /* EditView.swift in Sources */ = {isa = PBXBuildFile; fileRef = 2A1D7F6529AB17CC002A0EDD /* EditView.swift */; };
		2A30D1C829A51D47008BA618 /* SwitchingViewStatesWithEnums.swift in Sources */ = {isa = PBXBuildFile; fileRef = 2A30D1C729A51D47008BA618 /* SwitchingViewStatesWithEnums.swift */; };
		2A3C0AB529B42D7D00D87758 /* FileManager-DocumentsDirectory.swift in Sources */ = {isa = PBXBuildFile; fileRef = 2A3C0AB429B42D7D00D87758 /* FileManager-DocumentsDirectory.swift */; };
		2A46140529A46CE8005D9307 /* AddingConformanceToComparableForCustomTypes.swift in Sources */ = {isa = PBXBuildFile; fileRef = 2A46140429A46CE8005D9307 /* AddingConformanceToComparableForCustomTypes.swift */; };
		2A46140829A46F95005D9307 /* WrittingDataToTheDocumentsDirectory.swift in Sources */ = {isa = PBXBuildFile; fileRef = 2A46140729A46F95005D9307 /* WrittingDataToTheDocumentsDirectory.swift */; };
		2A604BA629B2B514006AACF8 /* Result.swift in Sources */ = {isa = PBXBuildFile; fileRef = 2A604BA529B2B514006AACF8 /* Result.swift */; };
		2A899F0F29A88B8300878299 /* ImprovingOurMapAnnotations.swift in Sources */ = {isa = PBXBuildFile; fileRef = 2A899F0E29A88B8300878299 /* ImprovingOurMapAnnotations.swift */; };
		2A954B7829B4140E00DB243C /* ContentView-ViewModel.swift in Sources */ = {isa = PBXBuildFile; fileRef = 2A954B7729B4140E00DB243C /* ContentView-ViewModel.swift */; };
		2A9A6E0F29A5D9B5000FE51D /* IntegratingMapKitWithSwiftUI.swift in Sources */ = {isa = PBXBuildFile; fileRef = 2A9A6E0E29A5D9B5000FE51D /* IntegratingMapKitWithSwiftUI.swift */; };
		2AC603EF29A2F58A007E3931 /* BucketListApp.swift in Sources */ = {isa = PBXBuildFile; fileRef = 2AC603EE29A2F58A007E3931 /* BucketListApp.swift */; };
		2AC603F129A2F58A007E3931 /* ContentView.swift in Sources */ = {isa = PBXBuildFile; fileRef = 2AC603F029A2F58A007E3931 /* ContentView.swift */; };
		2AC603F329A2F58B007E3931 /* Assets.xcassets in Resources */ = {isa = PBXBuildFile; fileRef = 2AC603F229A2F58B007E3931 /* Assets.xcassets */; };
		2AC603F629A2F58B007E3931 /* Preview Assets.xcassets in Resources */ = {isa = PBXBuildFile; fileRef = 2AC603F529A2F58B007E3931 /* Preview Assets.xcassets */; };
		2AF2125829A6A559004248D8 /* UsingTouchIDAndFaceIDWithSwiftUI.swift in Sources */ = {isa = PBXBuildFile; fileRef = 2AF2125729A6A559004248D8 /* UsingTouchIDAndFaceIDWithSwiftUI.swift */; };
/* End PBXBuildFile section */

/* Begin PBXFileReference section */
		2A03ECD329A7046D00615C3A /* AddingUserLocationsToAMap.swift */ = {isa = PBXFileReference; lastKnownFileType = sourcecode.swift; path = AddingUserLocationsToAMap.swift; sourceTree = "<group>"; };
		2A03ECD529A70AB700615C3A /* Location.swift */ = {isa = PBXFileReference; lastKnownFileType = sourcecode.swift; path = Location.swift; sourceTree = "<group>"; };
		2A1D7F6529AB17CC002A0EDD /* EditView.swift */ = {isa = PBXFileReference; lastKnownFileType = sourcecode.swift; path = EditView.swift; sourceTree = "<group>"; };
		2A30D1C729A51D47008BA618 /* SwitchingViewStatesWithEnums.swift */ = {isa = PBXFileReference; lastKnownFileType = sourcecode.swift; path = SwitchingViewStatesWithEnums.swift; sourceTree = "<group>"; };
		2A3C0AB429B42D7D00D87758 /* FileManager-DocumentsDirectory.swift */ = {isa = PBXFileReference; lastKnownFileType = sourcecode.swift; path = "FileManager-DocumentsDirectory.swift"; sourceTree = "<group>"; };
		2A46140429A46CE8005D9307 /* AddingConformanceToComparableForCustomTypes.swift */ = {isa = PBXFileReference; lastKnownFileType = sourcecode.swift; path = AddingConformanceToComparableForCustomTypes.swift; sourceTree = "<group>"; };
		2A46140729A46F95005D9307 /* WrittingDataToTheDocumentsDirectory.swift */ = {isa = PBXFileReference; lastKnownFileType = sourcecode.swift; path = WrittingDataToTheDocumentsDirectory.swift; sourceTree = "<group>"; };
		2A604BA529B2B514006AACF8 /* Result.swift */ = {isa = PBXFileReference; lastKnownFileType = sourcecode.swift; path = Result.swift; sourceTree = "<group>"; };
		2A899F0E29A88B8300878299 /* ImprovingOurMapAnnotations.swift */ = {isa = PBXFileReference; lastKnownFileType = sourcecode.swift; path = ImprovingOurMapAnnotations.swift; sourceTree = "<group>"; };
		2A954B7729B4140E00DB243C /* ContentView-ViewModel.swift */ = {isa = PBXFileReference; lastKnownFileType = sourcecode.swift; path = "ContentView-ViewModel.swift"; sourceTree = "<group>"; };
		2A9A6E0E29A5D9B5000FE51D /* IntegratingMapKitWithSwiftUI.swift */ = {isa = PBXFileReference; lastKnownFileType = sourcecode.swift; path = IntegratingMapKitWithSwiftUI.swift; sourceTree = "<group>"; };
		2AC603EB29A2F58A007E3931 /* BucketList.app */ = {isa = PBXFileReference; explicitFileType = wrapper.application; includeInIndex = 0; path = BucketList.app; sourceTree = BUILT_PRODUCTS_DIR; };
		2AC603EE29A2F58A007E3931 /* BucketListApp.swift */ = {isa = PBXFileReference; lastKnownFileType = sourcecode.swift; path = BucketListApp.swift; sourceTree = "<group>"; };
		2AC603F029A2F58A007E3931 /* ContentView.swift */ = {isa = PBXFileReference; lastKnownFileType = sourcecode.swift; path = ContentView.swift; sourceTree = "<group>"; };
		2AC603F229A2F58B007E3931 /* Assets.xcassets */ = {isa = PBXFileReference; lastKnownFileType = folder.assetcatalog; path = Assets.xcassets; sourceTree = "<group>"; };
		2AC603F529A2F58B007E3931 /* Preview Assets.xcassets */ = {isa = PBXFileReference; lastKnownFileType = folder.assetcatalog; path = "Preview Assets.xcassets"; sourceTree = "<group>"; };
		2AF2125729A6A559004248D8 /* UsingTouchIDAndFaceIDWithSwiftUI.swift */ = {isa = PBXFileReference; lastKnownFileType = sourcecode.swift; path = UsingTouchIDAndFaceIDWithSwiftUI.swift; sourceTree = "<group>"; };
/* End PBXFileReference section */

/* Begin PBXFrameworksBuildPhase section */
		2AC603E829A2F58A007E3931 /* Frameworks */ = {
			isa = PBXFrameworksBuildPhase;
			buildActionMask = 2147483647;
			files = (
			);
			runOnlyForDeploymentPostprocessing = 0;
		};
/* End PBXFrameworksBuildPhase section */

/* Begin PBXGroup section */
		2A3C0AB229B42CB700D87758 /* View */ = {
			isa = PBXGroup;
			children = (
				2AC603F029A2F58A007E3931 /* ContentView.swift */,
				2A1D7F6529AB17CC002A0EDD /* EditView.swift */,
			);
			path = View;
			sourceTree = "<group>";
		};
		2A3C0AB329B42CC900D87758 /* ViewModel */ = {
			isa = PBXGroup;
			children = (
				2A954B7729B4140E00DB243C /* ContentView-ViewModel.swift */,
				2A3C0AB429B42D7D00D87758 /* FileManager-DocumentsDirectory.swift */,
			);
			path = ViewModel;
			sourceTree = "<group>";
		};
		2A46140329A46CBE005D9307 /* LearningTheTools */ = {
			isa = PBXGroup;
			children = (
				2A46140429A46CE8005D9307 /* AddingConformanceToComparableForCustomTypes.swift */,
				2A46140729A46F95005D9307 /* WrittingDataToTheDocumentsDirectory.swift */,
				2A30D1C729A51D47008BA618 /* SwitchingViewStatesWithEnums.swift */,
				2A9A6E0E29A5D9B5000FE51D /* IntegratingMapKitWithSwiftUI.swift */,
				2AF2125729A6A559004248D8 /* UsingTouchIDAndFaceIDWithSwiftUI.swift */,
				2A03ECD329A7046D00615C3A /* AddingUserLocationsToAMap.swift */,
				2A899F0E29A88B8300878299 /* ImprovingOurMapAnnotations.swift */,
			);
			path = LearningTheTools;
			sourceTree = "<group>";
		};
		2AC603E229A2F58A007E3931 = {
			isa = PBXGroup;
			children = (
				2AC603ED29A2F58A007E3931 /* BucketList */,
				2AC603EC29A2F58A007E3931 /* Products */,
			);
			sourceTree = "<group>";
		};
		2AC603EC29A2F58A007E3931 /* Products */ = {
			isa = PBXGroup;
			children = (
				2AC603EB29A2F58A007E3931 /* BucketList.app */,
			);
			name = Products;
			sourceTree = "<group>";
		};
		2AC603ED29A2F58A007E3931 /* BucketList */ = {
			isa = PBXGroup;
			children = (
				2A46140329A46CBE005D9307 /* LearningTheTools */,
				2AC603EE29A2F58A007E3931 /* BucketListApp.swift */,
				2A3C0AB229B42CB700D87758 /* View */,
				2A3C0AB329B42CC900D87758 /* ViewModel */,
				2A03ECD529A70AB700615C3A /* Location.swift */,
				2A604BA529B2B514006AACF8 /* Result.swift */,
				2AC603F229A2F58B007E3931 /* Assets.xcassets */,
				2AC603F429A2F58B007E3931 /* Preview Content */,
			);
			path = BucketList;
			sourceTree = "<group>";
		};
		2AC603F429A2F58B007E3931 /* Preview Content */ = {
			isa = PBXGroup;
			children = (
				2AC603F529A2F58B007E3931 /* Preview Assets.xcassets */,
			);
			path = "Preview Content";
			sourceTree = "<group>";
		};
/* End PBXGroup section */

/* Begin PBXNativeTarget section */
		2AC603EA29A2F58A007E3931 /* BucketList */ = {
			isa = PBXNativeTarget;
			buildConfigurationList = 2AC603F929A2F58B007E3931 /* Build configuration list for PBXNativeTarget "BucketList" */;
			buildPhases = (
				2AC603E729A2F58A007E3931 /* Sources */,
				2AC603E829A2F58A007E3931 /* Frameworks */,
				2AC603E929A2F58A007E3931 /* Resources */,
			);
			buildRules = (
			);
			dependencies = (
			);
			name = BucketList;
			productName = BucketList;
			productReference = 2AC603EB29A2F58A007E3931 /* BucketList.app */;
			productType = "com.apple.product-type.application";
		};
/* End PBXNativeTarget section */

/* Begin PBXProject section */
		2AC603E329A2F58A007E3931 /* Project object */ = {
			isa = PBXProject;
			attributes = {
				BuildIndependentTargetsInParallel = 1;
				LastSwiftUpdateCheck = 1410;
				LastUpgradeCheck = 1410;
				TargetAttributes = {
					2AC603EA29A2F58A007E3931 = {
						CreatedOnToolsVersion = 14.1;
					};
				};
			};
			buildConfigurationList = 2AC603E629A2F58A007E3931 /* Build configuration list for PBXProject "BucketList" */;
			compatibilityVersion = "Xcode 14.0";
			developmentRegion = en;
			hasScannedForEncodings = 0;
			knownRegions = (
				en,
				Base,
			);
			mainGroup = 2AC603E229A2F58A007E3931;
			productRefGroup = 2AC603EC29A2F58A007E3931 /* Products */;
			projectDirPath = "";
			projectRoot = "";
			targets = (
				2AC603EA29A2F58A007E3931 /* BucketList */,
			);
		};
/* End PBXProject section */

/* Begin PBXResourcesBuildPhase section */
		2AC603E929A2F58A007E3931 /* Resources */ = {
			isa = PBXResourcesBuildPhase;
			buildActionMask = 2147483647;
			files = (
				2AC603F629A2F58B007E3931 /* Preview Assets.xcassets in Resources */,
				2AC603F329A2F58B007E3931 /* Assets.xcassets in Resources */,
			);
			runOnlyForDeploymentPostprocessing = 0;
		};
/* End PBXResourcesBuildPhase section */

/* Begin PBXSourcesBuildPhase section */
		2AC603E729A2F58A007E3931 /* Sources */ = {
			isa = PBXSourcesBuildPhase;
			buildActionMask = 2147483647;
			files = (
				2AC603F129A2F58A007E3931 /* ContentView.swift in Sources */,
				2AF2125829A6A559004248D8 /* UsingTouchIDAndFaceIDWithSwiftUI.swift in Sources */,
				2A1D7F6629AB17CC002A0EDD /* EditView.swift in Sources */,
				2A954B7829B4140E00DB243C /* ContentView-ViewModel.swift in Sources */,
				2A899F0F29A88B8300878299 /* ImprovingOurMapAnnotations.swift in Sources */,
				2A46140829A46F95005D9307 /* WrittingDataToTheDocumentsDirectory.swift in Sources */,
				2A9A6E0F29A5D9B5000FE51D /* IntegratingMapKitWithSwiftUI.swift in Sources */,
				2A604BA629B2B514006AACF8 /* Result.swift in Sources */,
				2A3C0AB529B42D7D00D87758 /* FileManager-DocumentsDirectory.swift in Sources */,
				2A03ECD629A70AB700615C3A /* Location.swift in Sources */,
				2AC603EF29A2F58A007E3931 /* BucketListApp.swift in Sources */,
				2A30D1C829A51D47008BA618 /* SwitchingViewStatesWithEnums.swift in Sources */,
				2A03ECD429A7046D00615C3A /* AddingUserLocationsToAMap.swift in Sources */,
				2A46140529A46CE8005D9307 /* AddingConformanceToComparableForCustomTypes.swift in Sources */,
			);
			runOnlyForDeploymentPostprocessing = 0;
		};
/* End PBXSourcesBuildPhase section */

/* Begin XCBuildConfiguration section */
		2AC603F729A2F58B007E3931 /* Debug */ = {
			isa = XCBuildConfiguration;
			buildSettings = {
				ALWAYS_SEARCH_USER_PATHS = NO;
				CLANG_ANALYZER_NONNULL = YES;
				CLANG_ANALYZER_NUMBER_OBJECT_CONVERSION = YES_AGGRESSIVE;
				CLANG_CXX_LANGUAGE_STANDARD = "gnu++20";
				CLANG_ENABLE_MODULES = YES;
				CLANG_ENABLE_OBJC_ARC = YES;
				CLANG_ENABLE_OBJC_WEAK = YES;
				CLANG_WARN_BLOCK_CAPTURE_AUTORELEASING = YES;
				CLANG_WARN_BOOL_CONVERSION = YES;
				CLANG_WARN_COMMA = YES;
				CLANG_WARN_CONSTANT_CONVERSION = YES;
				CLANG_WARN_DEPRECATED_OBJC_IMPLEMENTATIONS = YES;
				CLANG_WARN_DIRECT_OBJC_ISA_USAGE = YES_ERROR;
				CLANG_WARN_DOCUMENTATION_COMMENTS = YES;
				CLANG_WARN_EMPTY_BODY = YES;
				CLANG_WARN_ENUM_CONVERSION = YES;
				CLANG_WARN_INFINITE_RECURSION = YES;
				CLANG_WARN_INT_CONVERSION = YES;
				CLANG_WARN_NON_LITERAL_NULL_CONVERSION = YES;
				CLANG_WARN_OBJC_IMPLICIT_RETAIN_SELF = YES;
				CLANG_WARN_OBJC_LITERAL_CONVERSION = YES;
				CLANG_WARN_OBJC_ROOT_CLASS = YES_ERROR;
				CLANG_WARN_QUOTED_INCLUDE_IN_FRAMEWORK_HEADER = YES;
				CLANG_WARN_RANGE_LOOP_ANALYSIS = YES;
				CLANG_WARN_STRICT_PROTOTYPES = YES;
				CLANG_WARN_SUSPICIOUS_MOVE = YES;
				CLANG_WARN_UNGUARDED_AVAILABILITY = YES_AGGRESSIVE;
				CLANG_WARN_UNREACHABLE_CODE = YES;
				CLANG_WARN__DUPLICATE_METHOD_MATCH = YES;
				COPY_PHASE_STRIP = NO;
				DEBUG_INFORMATION_FORMAT = dwarf;
				ENABLE_STRICT_OBJC_MSGSEND = YES;
				ENABLE_TESTABILITY = YES;
				GCC_C_LANGUAGE_STANDARD = gnu11;
				GCC_DYNAMIC_NO_PIC = NO;
				GCC_NO_COMMON_BLOCKS = YES;
				GCC_OPTIMIZATION_LEVEL = 0;
				GCC_PREPROCESSOR_DEFINITIONS = (
					"DEBUG=1",
					"$(inherited)",
				);
				GCC_WARN_64_TO_32_BIT_CONVERSION = YES;
				GCC_WARN_ABOUT_RETURN_TYPE = YES_ERROR;
				GCC_WARN_UNDECLARED_SELECTOR = YES;
				GCC_WARN_UNINITIALIZED_AUTOS = YES_AGGRESSIVE;
				GCC_WARN_UNUSED_FUNCTION = YES;
				GCC_WARN_UNUSED_VARIABLE = YES;
				IPHONEOS_DEPLOYMENT_TARGET = 16.1;
				MTL_ENABLE_DEBUG_INFO = INCLUDE_SOURCE;
				MTL_FAST_MATH = YES;
				ONLY_ACTIVE_ARCH = YES;
				SDKROOT = iphoneos;
				SWIFT_ACTIVE_COMPILATION_CONDITIONS = DEBUG;
				SWIFT_OPTIMIZATION_LEVEL = "-Onone";
			};
			name = Debug;
		};
		2AC603F829A2F58B007E3931 /* Release */ = {
			isa = XCBuildConfiguration;
			buildSettings = {
				ALWAYS_SEARCH_USER_PATHS = NO;
				CLANG_ANALYZER_NONNULL = YES;
				CLANG_ANALYZER_NUMBER_OBJECT_CONVERSION = YES_AGGRESSIVE;
				CLANG_CXX_LANGUAGE_STANDARD = "gnu++20";
				CLANG_ENABLE_MODULES = YES;
				CLANG_ENABLE_OBJC_ARC = YES;
				CLANG_ENABLE_OBJC_WEAK = YES;
				CLANG_WARN_BLOCK_CAPTURE_AUTORELEASING = YES;
				CLANG_WARN_BOOL_CONVERSION = YES;
				CLANG_WARN_COMMA = YES;
				CLANG_WARN_CONSTANT_CONVERSION = YES;
				CLANG_WARN_DEPRECATED_OBJC_IMPLEMENTATIONS = YES;
				CLANG_WARN_DIRECT_OBJC_ISA_USAGE = YES_ERROR;
				CLANG_WARN_DOCUMENTATION_COMMENTS = YES;
				CLANG_WARN_EMPTY_BODY = YES;
				CLANG_WARN_ENUM_CONVERSION = YES;
				CLANG_WARN_INFINITE_RECURSION = YES;
				CLANG_WARN_INT_CONVERSION = YES;
				CLANG_WARN_NON_LITERAL_NULL_CONVERSION = YES;
				CLANG_WARN_OBJC_IMPLICIT_RETAIN_SELF = YES;
				CLANG_WARN_OBJC_LITERAL_CONVERSION = YES;
				CLANG_WARN_OBJC_ROOT_CLASS = YES_ERROR;
				CLANG_WARN_QUOTED_INCLUDE_IN_FRAMEWORK_HEADER = YES;
				CLANG_WARN_RANGE_LOOP_ANALYSIS = YES;
				CLANG_WARN_STRICT_PROTOTYPES = YES;
				CLANG_WARN_SUSPICIOUS_MOVE = YES;
				CLANG_WARN_UNGUARDED_AVAILABILITY = YES_AGGRESSIVE;
				CLANG_WARN_UNREACHABLE_CODE = YES;
				CLANG_WARN__DUPLICATE_METHOD_MATCH = YES;
				COPY_PHASE_STRIP = NO;
				DEBUG_INFORMATION_FORMAT = "dwarf-with-dsym";
				ENABLE_NS_ASSERTIONS = NO;
				ENABLE_STRICT_OBJC_MSGSEND = YES;
				GCC_C_LANGUAGE_STANDARD = gnu11;
				GCC_NO_COMMON_BLOCKS = YES;
				GCC_WARN_64_TO_32_BIT_CONVERSION = YES;
				GCC_WARN_ABOUT_RETURN_TYPE = YES_ERROR;
				GCC_WARN_UNDECLARED_SELECTOR = YES;
				GCC_WARN_UNINITIALIZED_AUTOS = YES_AGGRESSIVE;
				GCC_WARN_UNUSED_FUNCTION = YES;
				GCC_WARN_UNUSED_VARIABLE = YES;
				IPHONEOS_DEPLOYMENT_TARGET = 16.1;
				MTL_ENABLE_DEBUG_INFO = NO;
				MTL_FAST_MATH = YES;
				SDKROOT = iphoneos;
				SWIFT_COMPILATION_MODE = wholemodule;
				SWIFT_OPTIMIZATION_LEVEL = "-O";
				VALIDATE_PRODUCT = YES;
			};
			name = Release;
		};
		2AC603FA29A2F58B007E3931 /* Debug */ = {
			isa = XCBuildConfiguration;
			buildSettings = {
				ASSETCATALOG_COMPILER_APPICON_NAME = AppIcon;
				ASSETCATALOG_COMPILER_GLOBAL_ACCENT_COLOR_NAME = AccentColor;
				CODE_SIGN_STYLE = Automatic;
				CURRENT_PROJECT_VERSION = 1;
				DEVELOPMENT_ASSET_PATHS = "\"BucketList/Preview Content\"";
				DEVELOPMENT_TEAM = 9FV2U5727B;
				ENABLE_PREVIEWS = YES;
				GENERATE_INFOPLIST_FILE = YES;
				INFOPLIST_KEY_NSFaceIDUsageDescription = "Please, authenticate yourself to unlock your data.";
				INFOPLIST_KEY_UIApplicationSceneManifest_Generation = YES;
				INFOPLIST_KEY_UIApplicationSupportsIndirectInputEvents = YES;
				INFOPLIST_KEY_UILaunchScreen_Generation = YES;
				INFOPLIST_KEY_UISupportedInterfaceOrientations_iPad = "UIInterfaceOrientationPortrait UIInterfaceOrientationPortraitUpsideDown UIInterfaceOrientationLandscapeLeft UIInterfaceOrientationLandscapeRight";
				INFOPLIST_KEY_UISupportedInterfaceOrientations_iPhone = "UIInterfaceOrientationPortrait UIInterfaceOrientationLandscapeLeft UIInterfaceOrientationLandscapeRight";
				LD_RUNPATH_SEARCH_PATHS = (
					"$(inherited)",
					"@executable_path/Frameworks",
				);
				MARKETING_VERSION = 1.0;
				PRODUCT_BUNDLE_IDENTIFIER = app.netlify.enricogollner.BucketList;
				PRODUCT_NAME = "$(TARGET_NAME)";
				SWIFT_EMIT_LOC_STRINGS = YES;
				SWIFT_VERSION = 5.0;
				TARGETED_DEVICE_FAMILY = "1,2";
			};
			name = Debug;
		};
		2AC603FB29A2F58B007E3931 /* Release */ = {
			isa = XCBuildConfiguration;
			buildSettings = {
				ASSETCATALOG_COMPILER_APPICON_NAME = AppIcon;
				ASSETCATALOG_COMPILER_GLOBAL_ACCENT_COLOR_NAME = AccentColor;
				CODE_SIGN_STYLE = Automatic;
				CURRENT_PROJECT_VERSION = 1;
				DEVELOPMENT_ASSET_PATHS = "\"BucketList/Preview Content\"";
				DEVELOPMENT_TEAM = 9FV2U5727B;
				ENABLE_PREVIEWS = YES;
				GENERATE_INFOPLIST_FILE = YES;
				INFOPLIST_KEY_NSFaceIDUsageDescription = "Please, authenticate yourself to unlock your data.";
				INFOPLIST_KEY_UIApplicationSceneManifest_Generation = YES;
				INFOPLIST_KEY_UIApplicationSupportsIndirectInputEvents = YES;
				INFOPLIST_KEY_UILaunchScreen_Generation = YES;
				INFOPLIST_KEY_UISupportedInterfaceOrientations_iPad = "UIInterfaceOrientationPortrait UIInterfaceOrientationPortraitUpsideDown UIInterfaceOrientationLandscapeLeft UIInterfaceOrientationLandscapeRight";
				INFOPLIST_KEY_UISupportedInterfaceOrientations_iPhone = "UIInterfaceOrientationPortrait UIInterfaceOrientationLandscapeLeft UIInterfaceOrientationLandscapeRight";
				LD_RUNPATH_SEARCH_PATHS = (
					"$(inherited)",
					"@executable_path/Frameworks",
				);
				MARKETING_VERSION = 1.0;
				PRODUCT_BUNDLE_IDENTIFIER = app.netlify.enricogollner.BucketList;
				PRODUCT_NAME = "$(TARGET_NAME)";
				SWIFT_EMIT_LOC_STRINGS = YES;
				SWIFT_VERSION = 5.0;
				TARGETED_DEVICE_FAMILY = "1,2";
			};
			name = Release;
		};
/* End XCBuildConfiguration section */

/* Begin XCConfigurationList section */
		2AC603E629A2F58A007E3931 /* Build configuration list for PBXProject "BucketList" */ = {
			isa = XCConfigurationList;
			buildConfigurations = (
				2AC603F729A2F58B007E3931 /* Debug */,
				2AC603F829A2F58B007E3931 /* Release */,
			);
			defaultConfigurationIsVisible = 0;
			defaultConfigurationName = Release;
		};
		2AC603F929A2F58B007E3931 /* Build configuration list for PBXNativeTarget "BucketList" */ = {
			isa = XCConfigurationList;
			buildConfigurations = (
				2AC603FA29A2F58B007E3931 /* Debug */,
				2AC603FB29A2F58B007E3931 /* Release */,
			);
			defaultConfigurationIsVisible = 0;
			defaultConfigurationName = Release;
		};
/* End XCConfigurationList section */
	};
	rootObject = 2AC603E329A2F58A007E3931 /* Project object */;
}
