// !$*UTF8*$!
{
	archiveVersion = 1;
	classes = {
	};
	objectVersion = 56;
	objects = {

/* Begin PBXBuildFile section */
		2A2E9E1B296A76F600990BF4 /* publishedCodable.swift in Sources */ = {isa = PBXBuildFile; fileRef = 2A2E9E1A296A76F600990BF4 /* publishedCodable.swift */; };
		2A2E9E1F296A9EF500990BF4 /* UrlRequisitionView.swift in Sources */ = {isa = PBXBuildFile; fileRef = 2A2E9E1E296A9EF500990BF4 /* UrlRequisitionView.swift */; };
		2AD96B81296CDCA100C8F2A4 /* AsyncImageLearn.swift in Sources */ = {isa = PBXBuildFile; fileRef = 2AD96B80296CDCA100C8F2A4 /* AsyncImageLearn.swift */; };
		2AD96B83296CDF7600C8F2A4 /* Order.swift in Sources */ = {isa = PBXBuildFile; fileRef = 2AD96B82296CDF7600C8F2A4 /* Order.swift */; };
		2AD96B87296CE8D500C8F2A4 /* CheckoutView.swift in Sources */ = {isa = PBXBuildFile; fileRef = 2AD96B86296CE8D500C8F2A4 /* CheckoutView.swift */; };
		2AD96B8A296CEC6100C8F2A4 /* AddressView.swift in Sources */ = {isa = PBXBuildFile; fileRef = 2AD96B89296CEC6100C8F2A4 /* AddressView.swift */; };
		2ADDF82D296A02FD00EFFFD4 /* Cupcake_CornerApp.swift in Sources */ = {isa = PBXBuildFile; fileRef = 2ADDF82C296A02FD00EFFFD4 /* Cupcake_CornerApp.swift */; };
		2ADDF82F296A02FD00EFFFD4 /* ContentView.swift in Sources */ = {isa = PBXBuildFile; fileRef = 2ADDF82E296A02FD00EFFFD4 /* ContentView.swift */; };
		2ADDF831296A02FE00EFFFD4 /* Assets.xcassets in Resources */ = {isa = PBXBuildFile; fileRef = 2ADDF830296A02FE00EFFFD4 /* Assets.xcassets */; };
		2ADDF834296A02FE00EFFFD4 /* Preview Assets.xcassets in Resources */ = {isa = PBXBuildFile; fileRef = 2ADDF833296A02FE00EFFFD4 /* Preview Assets.xcassets */; };
/* End PBXBuildFile section */

/* Begin PBXFileReference section */
		2A2E9E1A296A76F600990BF4 /* publishedCodable.swift */ = {isa = PBXFileReference; lastKnownFileType = sourcecode.swift; path = publishedCodable.swift; sourceTree = "<group>"; };
		2A2E9E1E296A9EF500990BF4 /* UrlRequisitionView.swift */ = {isa = PBXFileReference; lastKnownFileType = sourcecode.swift; path = UrlRequisitionView.swift; sourceTree = "<group>"; };
		2AD96B80296CDCA100C8F2A4 /* AsyncImageLearn.swift */ = {isa = PBXFileReference; lastKnownFileType = sourcecode.swift; path = AsyncImageLearn.swift; sourceTree = "<group>"; };
		2AD96B82296CDF7600C8F2A4 /* Order.swift */ = {isa = PBXFileReference; lastKnownFileType = sourcecode.swift; path = Order.swift; sourceTree = "<group>"; };
		2AD96B86296CE8D500C8F2A4 /* CheckoutView.swift */ = {isa = PBXFileReference; lastKnownFileType = sourcecode.swift; path = CheckoutView.swift; sourceTree = "<group>"; };
		2AD96B89296CEC6100C8F2A4 /* AddressView.swift */ = {isa = PBXFileReference; lastKnownFileType = sourcecode.swift; path = AddressView.swift; sourceTree = "<group>"; };
		2ADDF829296A02FD00EFFFD4 /* Cupcake Corner.app */ = {isa = PBXFileReference; explicitFileType = wrapper.application; includeInIndex = 0; path = "Cupcake Corner.app"; sourceTree = BUILT_PRODUCTS_DIR; };
		2ADDF82C296A02FD00EFFFD4 /* Cupcake_CornerApp.swift */ = {isa = PBXFileReference; lastKnownFileType = sourcecode.swift; path = Cupcake_CornerApp.swift; sourceTree = "<group>"; };
		2ADDF82E296A02FD00EFFFD4 /* ContentView.swift */ = {isa = PBXFileReference; lastKnownFileType = sourcecode.swift; path = ContentView.swift; sourceTree = "<group>"; };
		2ADDF830296A02FE00EFFFD4 /* Assets.xcassets */ = {isa = PBXFileReference; lastKnownFileType = folder.assetcatalog; path = Assets.xcassets; sourceTree = "<group>"; };
		2ADDF833296A02FE00EFFFD4 /* Preview Assets.xcassets */ = {isa = PBXFileReference; lastKnownFileType = folder.assetcatalog; path = "Preview Assets.xcassets"; sourceTree = "<group>"; };
/* End PBXFileReference section */

/* Begin PBXFrameworksBuildPhase section */
		2ADDF826296A02FD00EFFFD4 /* Frameworks */ = {
			isa = PBXFrameworksBuildPhase;
			buildActionMask = 2147483647;
			files = (
			);
			runOnlyForDeploymentPostprocessing = 0;
		};
/* End PBXFrameworksBuildPhase section */

/* Begin PBXGroup section */
		2AD96B8B296CF28F00C8F2A4 /* Learning */ = {
			isa = PBXGroup;
			children = (
				2A2E9E1A296A76F600990BF4 /* publishedCodable.swift */,
				2A2E9E1E296A9EF500990BF4 /* UrlRequisitionView.swift */,
				2AD96B80296CDCA100C8F2A4 /* AsyncImageLearn.swift */,
			);
			path = Learning;
			sourceTree = "<group>";
		};
		2ADDF820296A02FD00EFFFD4 = {
			isa = PBXGroup;
			children = (
				2ADDF82B296A02FD00EFFFD4 /* Cupcake Corner */,
				2ADDF82A296A02FD00EFFFD4 /* Products */,
			);
			sourceTree = "<group>";
		};
		2ADDF82A296A02FD00EFFFD4 /* Products */ = {
			isa = PBXGroup;
			children = (
				2ADDF829296A02FD00EFFFD4 /* Cupcake Corner.app */,
			);
			name = Products;
			sourceTree = "<group>";
		};
		2ADDF82B296A02FD00EFFFD4 /* Cupcake Corner */ = {
			isa = PBXGroup;
			children = (
				2AD96B8B296CF28F00C8F2A4 /* Learning */,
				2ADDF82C296A02FD00EFFFD4 /* Cupcake_CornerApp.swift */,
				2ADDF82E296A02FD00EFFFD4 /* ContentView.swift */,
				2AD96B86296CE8D500C8F2A4 /* CheckoutView.swift */,
				2AD96B89296CEC6100C8F2A4 /* AddressView.swift */,
				2AD96B82296CDF7600C8F2A4 /* Order.swift */,
				2ADDF830296A02FE00EFFFD4 /* Assets.xcassets */,
				2ADDF832296A02FE00EFFFD4 /* Preview Content */,
			);
			path = "Cupcake Corner";
			sourceTree = "<group>";
		};
		2ADDF832296A02FE00EFFFD4 /* Preview Content */ = {
			isa = PBXGroup;
			children = (
				2ADDF833296A02FE00EFFFD4 /* Preview Assets.xcassets */,
			);
			path = "Preview Content";
			sourceTree = "<group>";
		};
/* End PBXGroup section */

/* Begin PBXNativeTarget section */
		2ADDF828296A02FD00EFFFD4 /* Cupcake Corner */ = {
			isa = PBXNativeTarget;
			buildConfigurationList = 2ADDF837296A02FE00EFFFD4 /* Build configuration list for PBXNativeTarget "Cupcake Corner" */;
			buildPhases = (
				2ADDF825296A02FD00EFFFD4 /* Sources */,
				2ADDF826296A02FD00EFFFD4 /* Frameworks */,
				2ADDF827296A02FD00EFFFD4 /* Resources */,
			);
			buildRules = (
			);
			dependencies = (
			);
			name = "Cupcake Corner";
			productName = "Cupcake Corner";
			productReference = 2ADDF829296A02FD00EFFFD4 /* Cupcake Corner.app */;
			productType = "com.apple.product-type.application";
		};
/* End PBXNativeTarget section */

/* Begin PBXProject section */
		2ADDF821296A02FD00EFFFD4 /* Project object */ = {
			isa = PBXProject;
			attributes = {
				BuildIndependentTargetsInParallel = 1;
				LastSwiftUpdateCheck = 1410;
				LastUpgradeCheck = 1410;
				TargetAttributes = {
					2ADDF828296A02FD00EFFFD4 = {
						CreatedOnToolsVersion = 14.1;
					};
				};
			};
			buildConfigurationList = 2ADDF824296A02FD00EFFFD4 /* Build configuration list for PBXProject "Cupcake Corner" */;
			compatibilityVersion = "Xcode 14.0";
			developmentRegion = en;
			hasScannedForEncodings = 0;
			knownRegions = (
				en,
				Base,
			);
			mainGroup = 2ADDF820296A02FD00EFFFD4;
			productRefGroup = 2ADDF82A296A02FD00EFFFD4 /* Products */;
			projectDirPath = "";
			projectRoot = "";
			targets = (
				2ADDF828296A02FD00EFFFD4 /* Cupcake Corner */,
			);
		};
/* End PBXProject section */

/* Begin PBXResourcesBuildPhase section */
		2ADDF827296A02FD00EFFFD4 /* Resources */ = {
			isa = PBXResourcesBuildPhase;
			buildActionMask = 2147483647;
			files = (
				2ADDF834296A02FE00EFFFD4 /* Preview Assets.xcassets in Resources */,
				2ADDF831296A02FE00EFFFD4 /* Assets.xcassets in Resources */,
			);
			runOnlyForDeploymentPostprocessing = 0;
		};
/* End PBXResourcesBuildPhase section */

/* Begin PBXSourcesBuildPhase section */
		2ADDF825296A02FD00EFFFD4 /* Sources */ = {
			isa = PBXSourcesBuildPhase;
			buildActionMask = 2147483647;
			files = (
				2AD96B83296CDF7600C8F2A4 /* Order.swift in Sources */,
				2AD96B81296CDCA100C8F2A4 /* AsyncImageLearn.swift in Sources */,
				2ADDF82F296A02FD00EFFFD4 /* ContentView.swift in Sources */,
				2A2E9E1B296A76F600990BF4 /* publishedCodable.swift in Sources */,
				2A2E9E1F296A9EF500990BF4 /* UrlRequisitionView.swift in Sources */,
				2AD96B8A296CEC6100C8F2A4 /* AddressView.swift in Sources */,
				2AD96B87296CE8D500C8F2A4 /* CheckoutView.swift in Sources */,
				2ADDF82D296A02FD00EFFFD4 /* Cupcake_CornerApp.swift in Sources */,
			);
			runOnlyForDeploymentPostprocessing = 0;
		};
/* End PBXSourcesBuildPhase section */

/* Begin XCBuildConfiguration section */
		2ADDF835296A02FE00EFFFD4 /* Debug */ = {
			isa = XCBuildConfiguration;
			buildSettings = {
				ALWAYS_SEARCH_USER_PATHS = NO;
				CLANG_ANALYZER_NONNULL = YES;
				CLANG_ANALYZER_NUMBER_OBJECT_CONVERSION = YES_AGGRESSIVE;
				CLANG_CXX_LANGUAGE_STANDARD = "gnu++20";
				CLANG_ENABLE_MODULES = YES;
				CLANG_ENABLE_OBJC_ARC = YES;
				CLANG_ENABLE_OBJC_WEAK = YES;
				CLANG_WARN_BLOCK_CAPTURE_AUTORELEASING = YES;
				CLANG_WARN_BOOL_CONVERSION = YES;
				CLANG_WARN_COMMA = YES;
				CLANG_WARN_CONSTANT_CONVERSION = YES;
				CLANG_WARN_DEPRECATED_OBJC_IMPLEMENTATIONS = YES;
				CLANG_WARN_DIRECT_OBJC_ISA_USAGE = YES_ERROR;
				CLANG_WARN_DOCUMENTATION_COMMENTS = YES;
				CLANG_WARN_EMPTY_BODY = YES;
				CLANG_WARN_ENUM_CONVERSION = YES;
				CLANG_WARN_INFINITE_RECURSION = YES;
				CLANG_WARN_INT_CONVERSION = YES;
				CLANG_WARN_NON_LITERAL_NULL_CONVERSION = YES;
				CLANG_WARN_OBJC_IMPLICIT_RETAIN_SELF = YES;
				CLANG_WARN_OBJC_LITERAL_CONVERSION = YES;
				CLANG_WARN_OBJC_ROOT_CLASS = YES_ERROR;
				CLANG_WARN_QUOTED_INCLUDE_IN_FRAMEWORK_HEADER = YES;
				CLANG_WARN_RANGE_LOOP_ANALYSIS = YES;
				CLANG_WARN_STRICT_PROTOTYPES = YES;
				CLANG_WARN_SUSPICIOUS_MOVE = YES;
				CLANG_WARN_UNGUARDED_AVAILABILITY = YES_AGGRESSIVE;
				CLANG_WARN_UNREACHABLE_CODE = YES;
				CLANG_WARN__DUPLICATE_METHOD_MATCH = YES;
				COPY_PHASE_STRIP = NO;
				DEBUG_INFORMATION_FORMAT = dwarf;
				ENABLE_STRICT_OBJC_MSGSEND = YES;
				ENABLE_TESTABILITY = YES;
				GCC_C_LANGUAGE_STANDARD = gnu11;
				GCC_DYNAMIC_NO_PIC = NO;
				GCC_NO_COMMON_BLOCKS = YES;
				GCC_OPTIMIZATION_LEVEL = 0;
				GCC_PREPROCESSOR_DEFINITIONS = (
					"DEBUG=1",
					"$(inherited)",
				);
				GCC_WARN_64_TO_32_BIT_CONVERSION = YES;
				GCC_WARN_ABOUT_RETURN_TYPE = YES_ERROR;
				GCC_WARN_UNDECLARED_SELECTOR = YES;
				GCC_WARN_UNINITIALIZED_AUTOS = YES_AGGRESSIVE;
				GCC_WARN_UNUSED_FUNCTION = YES;
				GCC_WARN_UNUSED_VARIABLE = YES;
				IPHONEOS_DEPLOYMENT_TARGET = 16.1;
				MTL_ENABLE_DEBUG_INFO = INCLUDE_SOURCE;
				MTL_FAST_MATH = YES;
				ONLY_ACTIVE_ARCH = YES;
				SDKROOT = iphoneos;
				SWIFT_ACTIVE_COMPILATION_CONDITIONS = DEBUG;
				SWIFT_OPTIMIZATION_LEVEL = "-Onone";
			};
			name = Debug;
		};
		2ADDF836296A02FE00EFFFD4 /* Release */ = {
			isa = XCBuildConfiguration;
			buildSettings = {
				ALWAYS_SEARCH_USER_PATHS = NO;
				CLANG_ANALYZER_NONNULL = YES;
				CLANG_ANALYZER_NUMBER_OBJECT_CONVERSION = YES_AGGRESSIVE;
				CLANG_CXX_LANGUAGE_STANDARD = "gnu++20";
				CLANG_ENABLE_MODULES = YES;
				CLANG_ENABLE_OBJC_ARC = YES;
				CLANG_ENABLE_OBJC_WEAK = YES;
				CLANG_WARN_BLOCK_CAPTURE_AUTORELEASING = YES;
				CLANG_WARN_BOOL_CONVERSION = YES;
				CLANG_WARN_COMMA = YES;
				CLANG_WARN_CONSTANT_CONVERSION = YES;
				CLANG_WARN_DEPRECATED_OBJC_IMPLEMENTATIONS = YES;
				CLANG_WARN_DIRECT_OBJC_ISA_USAGE = YES_ERROR;
				CLANG_WARN_DOCUMENTATION_COMMENTS = YES;
				CLANG_WARN_EMPTY_BODY = YES;
				CLANG_WARN_ENUM_CONVERSION = YES;
				CLANG_WARN_INFINITE_RECURSION = YES;
				CLANG_WARN_INT_CONVERSION = YES;
				CLANG_WARN_NON_LITERAL_NULL_CONVERSION = YES;
				CLANG_WARN_OBJC_IMPLICIT_RETAIN_SELF = YES;
				CLANG_WARN_OBJC_LITERAL_CONVERSION = YES;
				CLANG_WARN_OBJC_ROOT_CLASS = YES_ERROR;
				CLANG_WARN_QUOTED_INCLUDE_IN_FRAMEWORK_HEADER = YES;
				CLANG_WARN_RANGE_LOOP_ANALYSIS = YES;
				CLANG_WARN_STRICT_PROTOTYPES = YES;
				CLANG_WARN_SUSPICIOUS_MOVE = YES;
				CLANG_WARN_UNGUARDED_AVAILABILITY = YES_AGGRESSIVE;
				CLANG_WARN_UNREACHABLE_CODE = YES;
				CLANG_WARN__DUPLICATE_METHOD_MATCH = YES;
				COPY_PHASE_STRIP = NO;
				DEBUG_INFORMATION_FORMAT = "dwarf-with-dsym";
				ENABLE_NS_ASSERTIONS = NO;
				ENABLE_STRICT_OBJC_MSGSEND = YES;
				GCC_C_LANGUAGE_STANDARD = gnu11;
				GCC_NO_COMMON_BLOCKS = YES;
				GCC_WARN_64_TO_32_BIT_CONVERSION = YES;
				GCC_WARN_ABOUT_RETURN_TYPE = YES_ERROR;
				GCC_WARN_UNDECLARED_SELECTOR = YES;
				GCC_WARN_UNINITIALIZED_AUTOS = YES_AGGRESSIVE;
				GCC_WARN_UNUSED_FUNCTION = YES;
				GCC_WARN_UNUSED_VARIABLE = YES;
				IPHONEOS_DEPLOYMENT_TARGET = 16.1;
				MTL_ENABLE_DEBUG_INFO = NO;
				MTL_FAST_MATH = YES;
				SDKROOT = iphoneos;
				SWIFT_COMPILATION_MODE = wholemodule;
				SWIFT_OPTIMIZATION_LEVEL = "-O";
				VALIDATE_PRODUCT = YES;
			};
			name = Release;
		};
		2ADDF838296A02FE00EFFFD4 /* Debug */ = {
			isa = XCBuildConfiguration;
			buildSettings = {
				ASSETCATALOG_COMPILER_APPICON_NAME = AppIcon;
				ASSETCATALOG_COMPILER_GLOBAL_ACCENT_COLOR_NAME = AccentColor;
				CODE_SIGN_STYLE = Automatic;
				CURRENT_PROJECT_VERSION = 1;
				DEVELOPMENT_ASSET_PATHS = "\"Cupcake Corner/Preview Content\"";
				DEVELOPMENT_TEAM = 9FV2U5727B;
				ENABLE_PREVIEWS = YES;
				GENERATE_INFOPLIST_FILE = YES;
				INFOPLIST_KEY_UIApplicationSceneManifest_Generation = YES;
				INFOPLIST_KEY_UIApplicationSupportsIndirectInputEvents = YES;
				INFOPLIST_KEY_UILaunchScreen_Generation = YES;
				INFOPLIST_KEY_UISupportedInterfaceOrientations_iPad = "UIInterfaceOrientationPortrait UIInterfaceOrientationPortraitUpsideDown UIInterfaceOrientationLandscapeLeft UIInterfaceOrientationLandscapeRight";
				INFOPLIST_KEY_UISupportedInterfaceOrientations_iPhone = "UIInterfaceOrientationPortrait UIInterfaceOrientationLandscapeLeft UIInterfaceOrientationLandscapeRight";
				LD_RUNPATH_SEARCH_PATHS = (
					"$(inherited)",
					"@executable_path/Frameworks",
				);
				MARKETING_VERSION = 1.0;
				PRODUCT_BUNDLE_IDENTIFIER = "app.netlify.enricogollner.Cupcake-Corner";
				PRODUCT_NAME = "$(TARGET_NAME)";
				SWIFT_EMIT_LOC_STRINGS = YES;
				SWIFT_VERSION = 5.0;
				TARGETED_DEVICE_FAMILY = "1,2";
			};
			name = Debug;
		};
		2ADDF839296A02FE00EFFFD4 /* Release */ = {
			isa = XCBuildConfiguration;
			buildSettings = {
				ASSETCATALOG_COMPILER_APPICON_NAME = AppIcon;
				ASSETCATALOG_COMPILER_GLOBAL_ACCENT_COLOR_NAME = AccentColor;
				CODE_SIGN_STYLE = Automatic;
				CURRENT_PROJECT_VERSION = 1;
				DEVELOPMENT_ASSET_PATHS = "\"Cupcake Corner/Preview Content\"";
				DEVELOPMENT_TEAM = 9FV2U5727B;
				ENABLE_PREVIEWS = YES;
				GENERATE_INFOPLIST_FILE = YES;
				INFOPLIST_KEY_UIApplicationSceneManifest_Generation = YES;
				INFOPLIST_KEY_UIApplicationSupportsIndirectInputEvents = YES;
				INFOPLIST_KEY_UILaunchScreen_Generation = YES;
				INFOPLIST_KEY_UISupportedInterfaceOrientations_iPad = "UIInterfaceOrientationPortrait UIInterfaceOrientationPortraitUpsideDown UIInterfaceOrientationLandscapeLeft UIInterfaceOrientationLandscapeRight";
				INFOPLIST_KEY_UISupportedInterfaceOrientations_iPhone = "UIInterfaceOrientationPortrait UIInterfaceOrientationLandscapeLeft UIInterfaceOrientationLandscapeRight";
				LD_RUNPATH_SEARCH_PATHS = (
					"$(inherited)",
					"@executable_path/Frameworks",
				);
				MARKETING_VERSION = 1.0;
				PRODUCT_BUNDLE_IDENTIFIER = "app.netlify.enricogollner.Cupcake-Corner";
				PRODUCT_NAME = "$(TARGET_NAME)";
				SWIFT_EMIT_LOC_STRINGS = YES;
				SWIFT_VERSION = 5.0;
				TARGETED_DEVICE_FAMILY = "1,2";
			};
			name = Release;
		};
/* End XCBuildConfiguration section */

/* Begin XCConfigurationList section */
		2ADDF824296A02FD00EFFFD4 /* Build configuration list for PBXProject "Cupcake Corner" */ = {
			isa = XCConfigurationList;
			buildConfigurations = (
				2ADDF835296A02FE00EFFFD4 /* Debug */,
				2ADDF836296A02FE00EFFFD4 /* Release */,
			);
			defaultConfigurationIsVisible = 0;
			defaultConfigurationName = Release;
		};
		2ADDF837296A02FE00EFFFD4 /* Build configuration list for PBXNativeTarget "Cupcake Corner" */ = {
			isa = XCConfigurationList;
			buildConfigurations = (
				2ADDF838296A02FE00EFFFD4 /* Debug */,
				2ADDF839296A02FE00EFFFD4 /* Release */,
			);
			defaultConfigurationIsVisible = 0;
			defaultConfigurationName = Release;
		};
/* End XCConfigurationList section */
	};
	rootObject = 2ADDF821296A02FD00EFFFD4 /* Project object */;
}
